// !$*UTF8*$!
{
	archiveVersion = 1;
	classes = {
	};
	objectVersion = 50;
	objects = {

/* Begin PBXBuildFile section */
		92BBF3772688E0A500CFED2A /* AppDelegate.swift in Sources */ = {isa = PBXBuildFile; fileRef = 92BBF3762688E0A500CFED2A /* AppDelegate.swift */; };
		92BBF3792688E0A500CFED2A /* SceneDelegate.swift in Sources */ = {isa = PBXBuildFile; fileRef = 92BBF3782688E0A500CFED2A /* SceneDelegate.swift */; };
		92BBF3802688E0A600CFED2A /* Assets.xcassets in Resources */ = {isa = PBXBuildFile; fileRef = 92BBF37F2688E0A600CFED2A /* Assets.xcassets */; };
		92BBF3832688E0A600CFED2A /* LaunchScreen.storyboard in Resources */ = {isa = PBXBuildFile; fileRef = 92BBF3812688E0A600CFED2A /* LaunchScreen.storyboard */; };
		92D0ED0D268CC5D000469E6F /* SignUpVC.swift in Sources */ = {isa = PBXBuildFile; fileRef = 92D0ED0C268CC5D000469E6F /* SignUpVC.swift */; };
		92D0ED0F268CC5DF00469E6F /* SignInVC.swift in Sources */ = {isa = PBXBuildFile; fileRef = 92D0ED0E268CC5DF00469E6F /* SignInVC.swift */; };
		92E672282689B33700F59DC4 /* SignUp.storyboard in Resources */ = {isa = PBXBuildFile; fileRef = 92E672272689B33700F59DC4 /* SignUp.storyboard */; };
		92E6722A2689B3B500F59DC4 /* SignIn.storyboard in Resources */ = {isa = PBXBuildFile; fileRef = 92E672292689B3B500F59DC4 /* SignIn.storyboard */; };
/* End PBXBuildFile section */

/* Begin PBXFileReference section */
		92BBF3732688E0A500CFED2A /* HW_13.app */ = {isa = PBXFileReference; explicitFileType = wrapper.application; includeInIndex = 0; path = HW_13.app; sourceTree = BUILT_PRODUCTS_DIR; };
		92BBF3762688E0A500CFED2A /* AppDelegate.swift */ = {isa = PBXFileReference; lastKnownFileType = sourcecode.swift; path = AppDelegate.swift; sourceTree = "<group>"; };
		92BBF3782688E0A500CFED2A /* SceneDelegate.swift */ = {isa = PBXFileReference; lastKnownFileType = sourcecode.swift; path = SceneDelegate.swift; sourceTree = "<group>"; };
		92BBF37F2688E0A600CFED2A /* Assets.xcassets */ = {isa = PBXFileReference; lastKnownFileType = folder.assetcatalog; path = Assets.xcassets; sourceTree = "<group>"; };
		92BBF3822688E0A600CFED2A /* Base */ = {isa = PBXFileReference; lastKnownFileType = file.storyboard; name = Base; path = Base.lproj/LaunchScreen.storyboard; sourceTree = "<group>"; };
		92BBF3842688E0A600CFED2A /* Info.plist */ = {isa = PBXFileReference; lastKnownFileType = text.plist.xml; path = Info.plist; sourceTree = "<group>"; };
		92D0ED0C268CC5D000469E6F /* SignUpVC.swift */ = {isa = PBXFileReference; lastKnownFileType = sourcecode.swift; path = SignUpVC.swift; sourceTree = "<group>"; };
		92D0ED0E268CC5DF00469E6F /* SignInVC.swift */ = {isa = PBXFileReference; lastKnownFileType = sourcecode.swift; path = SignInVC.swift; sourceTree = "<group>"; };
		92E672272689B33700F59DC4 /* SignUp.storyboard */ = {isa = PBXFileReference; lastKnownFileType = file.storyboard; path = SignUp.storyboard; sourceTree = "<group>"; };
		92E672292689B3B500F59DC4 /* SignIn.storyboard */ = {isa = PBXFileReference; lastKnownFileType = file.storyboard; path = SignIn.storyboard; sourceTree = "<group>"; };
/* End PBXFileReference section */

/* Begin PBXFrameworksBuildPhase section */
		92BBF3702688E0A500CFED2A /* Frameworks */ = {
			isa = PBXFrameworksBuildPhase;
			buildActionMask = 2147483647;
			files = (
			);
			runOnlyForDeploymentPostprocessing = 0;
		};
/* End PBXFrameworksBuildPhase section */

/* Begin PBXGroup section */
		92BBF36A2688E0A500CFED2A = {
			isa = PBXGroup;
			children = (
				92BBF3752688E0A500CFED2A /* HW_13 */,
				92BBF3742688E0A500CFED2A /* Products */,
			);
			sourceTree = "<group>";
		};
		92BBF3742688E0A500CFED2A /* Products */ = {
			isa = PBXGroup;
			children = (
				92BBF3732688E0A500CFED2A /* HW_13.app */,
			);
			name = Products;
			sourceTree = "<group>";
		};
		92BBF3752688E0A500CFED2A /* HW_13 */ = {
			isa = PBXGroup;
			children = (
				92D0ED072689B98500469E6F /* Controllers */,
				92BBF38B2689B14F00CFED2A /* App */,
				92BBF38A2689B0DB00CFED2A /* Views */,
				92E672262689B1E800F59DC4 /* Sources */,
				92BBF3842688E0A600CFED2A /* Info.plist */,
			);
			path = HW_13;
			sourceTree = "<group>";
		};
		92BBF38A2689B0DB00CFED2A /* Views */ = {
			isa = PBXGroup;
			children = (
				92BBF3812688E0A600CFED2A /* LaunchScreen.storyboard */,
				92E672272689B33700F59DC4 /* SignUp.storyboard */,
				92E672292689B3B500F59DC4 /* SignIn.storyboard */,
			);
			path = Views;
			sourceTree = "<group>";
		};
		92BBF38B2689B14F00CFED2A /* App */ = {
			isa = PBXGroup;
			children = (
				92BBF3762688E0A500CFED2A /* AppDelegate.swift */,
				92BBF3782688E0A500CFED2A /* SceneDelegate.swift */,
			);
			path = App;
			sourceTree = "<group>";
		};
		92D0ED072689B98500469E6F /* Controllers */ = {
			isa = PBXGroup;
			children = (
				92D0ED092689B99700469E6F /* SignUp */,
				92D0ED082689B98F00469E6F /* SignIn */,
			);
			path = Controllers;
			sourceTree = "<group>";
		};
		92D0ED082689B98F00469E6F /* SignIn */ = {
			isa = PBXGroup;
			children = (
				92D0ED0E268CC5DF00469E6F /* SignInVC.swift */,
			);
			path = SignIn;
			sourceTree = "<group>";
		};
		92D0ED092689B99700469E6F /* SignUp */ = {
			isa = PBXGroup;
			children = (
				92D0ED0C268CC5D000469E6F /* SignUpVC.swift */,
			);
			path = SignUp;
			sourceTree = "<group>";
		};
		92E672262689B1E800F59DC4 /* Sources */ = {
			isa = PBXGroup;
			children = (
				92BBF37F2688E0A600CFED2A /* Assets.xcassets */,
			);
			path = Sources;
			sourceTree = "<group>";
		};
/* End PBXGroup section */

/* Begin PBXNativeTarget section */
		92BBF3722688E0A500CFED2A /* HW_13 */ = {
			isa = PBXNativeTarget;
			buildConfigurationList = 92BBF3872688E0A600CFED2A /* Build configuration list for PBXNativeTarget "HW_13" */;
			buildPhases = (
				92BBF36F2688E0A500CFED2A /* Sources */,
				92BBF3702688E0A500CFED2A /* Frameworks */,
				92BBF3712688E0A500CFED2A /* Resources */,
			);
			buildRules = (
			);
			dependencies = (
			);
			name = HW_13;
			productName = HW_13;
			productReference = 92BBF3732688E0A500CFED2A /* HW_13.app */;
			productType = "com.apple.product-type.application";
		};
/* End PBXNativeTarget section */

/* Begin PBXProject section */
		92BBF36B2688E0A500CFED2A /* Project object */ = {
			isa = PBXProject;
			attributes = {
				LastSwiftUpdateCheck = 1250;
				LastUpgradeCheck = 1250;
				TargetAttributes = {
					92BBF3722688E0A500CFED2A = {
						CreatedOnToolsVersion = 12.5;
					};
				};
			};
			buildConfigurationList = 92BBF36E2688E0A500CFED2A /* Build configuration list for PBXProject "HW_13" */;
			compatibilityVersion = "Xcode 9.3";
			developmentRegion = en;
			hasScannedForEncodings = 0;
			knownRegions = (
				en,
				Base,
			);
			mainGroup = 92BBF36A2688E0A500CFED2A;
			productRefGroup = 92BBF3742688E0A500CFED2A /* Products */;
			projectDirPath = "";
			projectRoot = "";
			targets = (
				92BBF3722688E0A500CFED2A /* HW_13 */,
			);
		};
/* End PBXProject section */

/* Begin PBXResourcesBuildPhase section */
		92BBF3712688E0A500CFED2A /* Resources */ = {
			isa = PBXResourcesBuildPhase;
			buildActionMask = 2147483647;
			files = (
				92BBF3832688E0A600CFED2A /* LaunchScreen.storyboard in Resources */,
				92E6722A2689B3B500F59DC4 /* SignIn.storyboard in Resources */,
				92BBF3802688E0A600CFED2A /* Assets.xcassets in Resources */,
				92E672282689B33700F59DC4 /* SignUp.storyboard in Resources */,
			);
			runOnlyForDeploymentPostprocessing = 0;
		};
/* End PBXResourcesBuildPhase section */

/* Begin PBXSourcesBuildPhase section */
		92BBF36F2688E0A500CFED2A /* Sources */ = {
			isa = PBXSourcesBuildPhase;
			buildActionMask = 2147483647;
			files = (
				92BBF3772688E0A500CFED2A /* AppDelegate.swift in Sources */,
				92D0ED0D268CC5D000469E6F /* SignUpVC.swift in Sources */,
				92D0ED0F268CC5DF00469E6F /* SignInVC.swift in Sources */,
				92BBF3792688E0A500CFED2A /* SceneDelegate.swift in Sources */,
			);
			runOnlyForDeploymentPostprocessing = 0;
		};
/* End PBXSourcesBuildPhase section */

/* Begin PBXVariantGroup section */
		92BBF3812688E0A600CFED2A /* LaunchScreen.storyboard */ = {
			isa = PBXVariantGroup;
			children = (
				92BBF3822688E0A600CFED2A /* Base */,
			);
			name = LaunchScreen.storyboard;
			sourceTree = "<group>";
		};
/* End PBXVariantGroup section */

/* Begin XCBuildConfiguration section */
		92BBF3852688E0A600CFED2A /* Debug */ = {
			isa = XCBuildConfiguration;
			buildSettings = {
				ALWAYS_SEARCH_USER_PATHS = NO;
				CLANG_ANALYZER_NONNULL = YES;
				CLANG_ANALYZER_NUMBER_OBJECT_CONVERSION = YES_AGGRESSIVE;
				CLANG_CXX_LANGUAGE_STANDARD = "gnu++14";
				CLANG_CXX_LIBRARY = "libc++";
				CLANG_ENABLE_MODULES = YES;
				CLANG_ENABLE_OBJC_ARC = YES;
				CLANG_ENABLE_OBJC_WEAK = YES;
				CLANG_WARN_BLOCK_CAPTURE_AUTORELEASING = YES;
				CLANG_WARN_BOOL_CONVERSION = YES;
				CLANG_WARN_COMMA = YES;
				CLANG_WARN_CONSTANT_CONVERSION = YES;
				CLANG_WARN_DEPRECATED_OBJC_IMPLEMENTATIONS = YES;
				CLANG_WARN_DIRECT_OBJC_ISA_USAGE = YES_ERROR;
				CLANG_WARN_DOCUMENTATION_COMMENTS = YES;
				CLANG_WARN_EMPTY_BODY = YES;
				CLANG_WARN_ENUM_CONVERSION = YES;
				CLANG_WARN_INFINITE_RECURSION = YES;
				CLANG_WARN_INT_CONVERSION = YES;
				CLANG_WARN_NON_LITERAL_NULL_CONVERSION = YES;
				CLANG_WARN_OBJC_IMPLICIT_RETAIN_SELF = YES;
				CLANG_WARN_OBJC_LITERAL_CONVERSION = YES;
				CLANG_WARN_OBJC_ROOT_CLASS = YES_ERROR;
				CLANG_WARN_QUOTED_INCLUDE_IN_FRAMEWORK_HEADER = YES;
				CLANG_WARN_RANGE_LOOP_ANALYSIS = YES;
				CLANG_WARN_STRICT_PROTOTYPES = YES;
				CLANG_WARN_SUSPICIOUS_MOVE = YES;
				CLANG_WARN_UNGUARDED_AVAILABILITY = YES_AGGRESSIVE;
				CLANG_WARN_UNREACHABLE_CODE = YES;
				CLANG_WARN__DUPLICATE_METHOD_MATCH = YES;
				COPY_PHASE_STRIP = NO;
				DEBUG_INFORMATION_FORMAT = dwarf;
				ENABLE_STRICT_OBJC_MSGSEND = YES;
				ENABLE_TESTABILITY = YES;
				GCC_C_LANGUAGE_STANDARD = gnu11;
				GCC_DYNAMIC_NO_PIC = NO;
				GCC_NO_COMMON_BLOCKS = YES;
				GCC_OPTIMIZATION_LEVEL = 0;
				GCC_PREPROCESSOR_DEFINITIONS = (
					"DEBUG=1",
					"$(inherited)",
				);
				GCC_WARN_64_TO_32_BIT_CONVERSION = YES;
				GCC_WARN_ABOUT_RETURN_TYPE = YES_ERROR;
				GCC_WARN_UNDECLARED_SELECTOR = YES;
				GCC_WARN_UNINITIALIZED_AUTOS = YES_AGGRESSIVE;
				GCC_WARN_UNUSED_FUNCTION = YES;
				GCC_WARN_UNUSED_VARIABLE = YES;
				IPHONEOS_DEPLOYMENT_TARGET = 14.5;
				MTL_ENABLE_DEBUG_INFO = INCLUDE_SOURCE;
				MTL_FAST_MATH = YES;
				ONLY_ACTIVE_ARCH = YES;
				SDKROOT = iphoneos;
				SWIFT_ACTIVE_COMPILATION_CONDITIONS = DEBUG;
				SWIFT_OPTIMIZATION_LEVEL = "-Onone";
			};
			name = Debug;
		};
		92BBF3862688E0A600CFED2A /* Release */ = {
			isa = XCBuildConfiguration;
			buildSettings = {
				ALWAYS_SEARCH_USER_PATHS = NO;
				CLANG_ANALYZER_NONNULL = YES;
				CLANG_ANALYZER_NUMBER_OBJECT_CONVERSION = YES_AGGRESSIVE;
				CLANG_CXX_LANGUAGE_STANDARD = "gnu++14";
				CLANG_CXX_LIBRARY = "libc++";
				CLANG_ENABLE_MODULES = YES;
				CLANG_ENABLE_OBJC_ARC = YES;
				CLANG_ENABLE_OBJC_WEAK = YES;
				CLANG_WARN_BLOCK_CAPTURE_AUTORELEASING = YES;
				CLANG_WARN_BOOL_CONVERSION = YES;
				CLANG_WARN_COMMA = YES;
				CLANG_WARN_CONSTANT_CONVERSION = YES;
				CLANG_WARN_DEPRECATED_OBJC_IMPLEMENTATIONS = YES;
				CLANG_WARN_DIRECT_OBJC_ISA_USAGE = YES_ERROR;
				CLANG_WARN_DOCUMENTATION_COMMENTS = YES;
				CLANG_WARN_EMPTY_BODY = YES;
				CLANG_WARN_ENUM_CONVERSION = YES;
				CLANG_WARN_INFINITE_RECURSION = YES;
				CLANG_WARN_INT_CONVERSION = YES;
				CLANG_WARN_NON_LITERAL_NULL_CONVERSION = YES;
				CLANG_WARN_OBJC_IMPLICIT_RETAIN_SELF = YES;
				CLANG_WARN_OBJC_LITERAL_CONVERSION = YES;
				CLANG_WARN_OBJC_ROOT_CLASS = YES_ERROR;
				CLANG_WARN_QUOTED_INCLUDE_IN_FRAMEWORK_HEADER = YES;
				CLANG_WARN_RANGE_LOOP_ANALYSIS = YES;
				CLANG_WARN_STRICT_PROTOTYPES = YES;
				CLANG_WARN_SUSPICIOUS_MOVE = YES;
				CLANG_WARN_UNGUARDED_AVAILABILITY = YES_AGGRESSIVE;
				CLANG_WARN_UNREACHABLE_CODE = YES;
				CLANG_WARN__DUPLICATE_METHOD_MATCH = YES;
				COPY_PHASE_STRIP = NO;
				DEBUG_INFORMATION_FORMAT = "dwarf-with-dsym";
				ENABLE_NS_ASSERTIONS = NO;
				ENABLE_STRICT_OBJC_MSGSEND = YES;
				GCC_C_LANGUAGE_STANDARD = gnu11;
				GCC_NO_COMMON_BLOCKS = YES;
				GCC_WARN_64_TO_32_BIT_CONVERSION = YES;
				GCC_WARN_ABOUT_RETURN_TYPE = YES_ERROR;
				GCC_WARN_UNDECLARED_SELECTOR = YES;
				GCC_WARN_UNINITIALIZED_AUTOS = YES_AGGRESSIVE;
				GCC_WARN_UNUSED_FUNCTION = YES;
				GCC_WARN_UNUSED_VARIABLE = YES;
				IPHONEOS_DEPLOYMENT_TARGET = 14.5;
				MTL_ENABLE_DEBUG_INFO = NO;
				MTL_FAST_MATH = YES;
				SDKROOT = iphoneos;
				SWIFT_COMPILATION_MODE = wholemodule;
				SWIFT_OPTIMIZATION_LEVEL = "-O";
				VALIDATE_PRODUCT = YES;
			};
			name = Release;
		};
		92BBF3882688E0A600CFED2A /* Debug */ = {
			isa = XCBuildConfiguration;
			buildSettings = {
				ASSETCATALOG_COMPILER_APPICON_NAME = AppIcon;
				ASSETCATALOG_COMPILER_GLOBAL_ACCENT_COLOR_NAME = AccentColor;
				CODE_SIGN_STYLE = Automatic;
				DEVELOPMENT_TEAM = 7UD2B87FG3;
				INFOPLIST_FILE = HW_13/Info.plist;
				LD_RUNPATH_SEARCH_PATHS = (
					"$(inherited)",
					"@executable_path/Frameworks",
				);
				PRODUCT_BUNDLE_IDENTIFIER = "-23.HW-13";
				PRODUCT_NAME = "$(TARGET_NAME)";
				SWIFT_VERSION = 5.0;
				TARGETED_DEVICE_FAMILY = "1,2";
			};
			name = Debug;
		};
		92BBF3892688E0A600CFED2A /* Release */ = {
			isa = XCBuildConfiguration;
			buildSettings = {
				ASSETCATALOG_COMPILER_APPICON_NAME = AppIcon;
				ASSETCATALOG_COMPILER_GLOBAL_ACCENT_COLOR_NAME = AccentColor;
				CODE_SIGN_STYLE = Automatic;
				DEVELOPMENT_TEAM = 7UD2B87FG3;
				INFOPLIST_FILE = HW_13/Info.plist;
				LD_RUNPATH_SEARCH_PATHS = (
					"$(inherited)",
					"@executable_path/Frameworks",
				);
				PRODUCT_BUNDLE_IDENTIFIER = "-23.HW-13";
				PRODUCT_NAME = "$(TARGET_NAME)";
				SWIFT_VERSION = 5.0;
				TARGETED_DEVICE_FAMILY = "1,2";
			};
			name = Release;
		};
/* End XCBuildConfiguration section */

/* Begin XCConfigurationList section */
		92BBF36E2688E0A500CFED2A /* Build configuration list for PBXProject "HW_13" */ = {
			isa = XCConfigurationList;
			buildConfigurations = (
				92BBF3852688E0A600CFED2A /* Debug */,
				92BBF3862688E0A600CFED2A /* Release */,
			);
			defaultConfigurationIsVisible = 0;
			defaultConfigurationName = Release;
		};
		92BBF3872688E0A600CFED2A /* Build configuration list for PBXNativeTarget "HW_13" */ = {
			isa = XCConfigurationList;
			buildConfigurations = (
				92BBF3882688E0A600CFED2A /* Debug */,
				92BBF3892688E0A600CFED2A /* Release */,
			);
			defaultConfigurationIsVisible = 0;
			defaultConfigurationName = Release;
		};
/* End XCConfigurationList section */
	};
	rootObject = 92BBF36B2688E0A500CFED2A /* Project object */;
}
